
Microsoft Visual Studio Solution File, Format Version 12.00
# Visual Studio Version 16
VisualStudioVersion = 16.0.29926.136
MinimumVisualStudioVersion = 10.0.40219.1
Project("{FAE04EC0-301F-11D3-BF4B-00C04F79EFBC}") = "LadderCalculator", "LadderCalculator\LadderCalculator.csproj", "{68B47721-3375-4A98-8F6E-24596B537FD2}"
EndProject
Project("{9A19103F-16F7-4668-BE54-9A1E7A4F7556}") = "PokemonGoLib", "PokemonGoLib\PokemonGoLib.csproj", "{F09BDCEF-720E-4D23-B9AF-5CAD0E4634F3}"
EndProject
Global
	GlobalSection(SolutionConfigurationPlatforms) = preSolution
		Debug|Any CPU = Debug|Any CPU
		Release|Any CPU = Release|Any CPU
	EndGlobalSection
	GlobalSection(ProjectConfigurationPlatforms) = postSolution
		{68B47721-3375-4A98-8F6E-24596B537FD2}.Debug|Any CPU.ActiveCfg = Debug|Any CPU
		{68B47721-3375-4A98-8F6E-24596B537FD2}.Debug|Any CPU.Build.0 = Debug|Any CPU
		{68B47721-3375-4A98-8F6E-24596B537FD2}.Release|Any CPU.ActiveCfg = Release|Any CPU
		{68B47721-3375-4A98-8F6E-24596B537FD2}.Release|Any CPU.Build.0 = Release|Any CPU
		{F09BDCEF-720E-4D23-B9AF-5CAD0E4634F3}.Debug|Any CPU.ActiveCfg = Debug|Any CPU
		{F09BDCEF-720E-4D23-B9AF-5CAD0E4634F3}.Debug|Any CPU.Build.0 = Debug|Any CPU
		{F09BDCEF-720E-4D23-B9AF-5CAD0E4634F3}.Release|Any CPU.ActiveCfg = Release|Any CPU
		{F09BDCEF-720E-4D23-B9AF-5CAD0E4634F3}.Release|Any CPU.Build.0 = Release|Any CPU
	EndGlobalSection
	GlobalSection(SolutionProperties) = preSolution
		HideSolutionNode = FALSE
	EndGlobalSection
	GlobalSection(ExtensibilityGlobals) = postSolution
		SolutionGuid = {89892F79-F362-45C2-B255-8BD7A92AB1FD}
	EndGlobalSection
EndGlobal
